
Microsoft Visual Studio Solution File, Format Version 12.00
# Visual Studio Version 17
VisualStudioVersion = 17.5.33424.131
MinimumVisualStudioVersion = 10.0.40219.1
Project("{9A19103F-16F7-4668-BE54-9A1E7A4F7556}") = "worken-sdk-unity", "worken-sdk-unity\worken-sdk-unity.csproj", "{525BB8A8-7DE0-4C5F-981D-19FDD0740250}"
EndProject
Project("{2150E333-8FDC-42A3-9474-1A3956D46DE8}") = "SubModules", "SubModules", "{401FE334-C62A-4696-AB74-4487956C2BD5}"
EndProject
Project("{9A19103F-16F7-4668-BE54-9A1E7A4F7556}") = "worken-api", "solana-api\worken-api\worken-api.csproj", "{ACD908DC-5B9E-42FA-B22A-5727788D2DAE}"
EndProject
Global
	GlobalSection(SolutionConfigurationPlatforms) = preSolution
		Debug|Any CPU = Debug|Any CPU
		Release|Any CPU = Release|Any CPU
	EndGlobalSection
	GlobalSection(ProjectConfigurationPlatforms) = postSolution
		{525BB8A8-7DE0-4C5F-981D-19FDD0740250}.Debug|Any CPU.ActiveCfg = Debug|Any CPU
		{525BB8A8-7DE0-4C5F-981D-19FDD0740250}.Debug|Any CPU.Build.0 = Debug|Any CPU
		{525BB8A8-7DE0-4C5F-981D-19FDD0740250}.Release|Any CPU.ActiveCfg = Release|Any CPU
		{525BB8A8-7DE0-4C5F-981D-19FDD0740250}.Release|Any CPU.Build.0 = Release|Any CPU
		{ACD908DC-5B9E-42FA-B22A-5727788D2DAE}.Debug|Any CPU.ActiveCfg = Debug|Any CPU
		{ACD908DC-5B9E-42FA-B22A-5727788D2DAE}.Debug|Any CPU.Build.0 = Debug|Any CPU
		{ACD908DC-5B9E-42FA-B22A-5727788D2DAE}.Release|Any CPU.ActiveCfg = Release|Any CPU
		{ACD908DC-5B9E-42FA-B22A-5727788D2DAE}.Release|Any CPU.Build.0 = Release|Any CPU
	EndGlobalSection
	GlobalSection(SolutionProperties) = preSolution
		HideSolutionNode = FALSE
	EndGlobalSection
	GlobalSection(NestedProjects) = preSolution
		{ACD908DC-5B9E-42FA-B22A-5727788D2DAE} = {401FE334-C62A-4696-AB74-4487956C2BD5}
	EndGlobalSection
	GlobalSection(ExtensibilityGlobals) = postSolution
		SolutionGuid = {E8626B5C-DE4A-41B6-8D31-AD5A75FFFD49}
	EndGlobalSection
EndGlobal
